
Microsoft Visual Studio Solution File, Format Version 12.00
# Visual Studio Version 17
VisualStudioVersion = 17.14.36310.24 d17.14
MinimumVisualStudioVersion = 10.0.40219.1
Project("{FAE04EC0-301F-11D3-BF4B-00C04F79EFBC}") = "DemoApplication", "DemoApplication.csproj", "{FFD08E60-C028-4054-881C-2359660A4921}"
EndProject
Global
	GlobalSection(SolutionConfigurationPlatforms) = preSolution
		Debug|Any CPU = Debug|Any CPU
		Release|Any CPU = Release|Any CPU
	EndGlobalSection
	GlobalSection(ProjectConfigurationPlatforms) = postSolution
		{FFD08E60-C028-4054-881C-2359660A4921}.Debug|Any CPU.ActiveCfg = Debug|Any CPU
		{FFD08E60-C028-4054-881C-2359660A4921}.Debug|Any CPU.Build.0 = Debug|Any CPU
		{FFD08E60-C028-4054-881C-2359660A4921}.Release|Any CPU.ActiveCfg = Release|Any CPU
		{FFD08E60-C028-4054-881C-2359660A4921}.Release|Any CPU.Build.0 = Release|Any CPU
	EndGlobalSection
	GlobalSection(SolutionProperties) = preSolution
		HideSolutionNode = FALSE
	EndGlobalSection
	GlobalSection(ExtensibilityGlobals) = postSolution
		SolutionGuid = {30FE9DC6-5F16-4891-A332-69D3F0315EAE}
	EndGlobalSection
EndGlobal
